
Microsoft Visual Studio Solution File, Format Version 12.00
# Visual Studio Version 17
VisualStudioVersion = 17.0.31919.166
MinimumVisualStudioVersion = 10.0.40219.1
Project("{FAE04EC0-301F-11D3-BF4B-00C04F79EFBC}") = "MyHomeWork_2_1", "MyHomeWork_2_1\MyHomeWork_2_1.csproj", "{C5F36C26-D9A8-4EF3-9CA0-8C634038E99A}"
EndProject
Global
	GlobalSection(SolutionConfigurationPlatforms) = preSolution
		Debug|Any CPU = Debug|Any CPU
		Release|Any CPU = Release|Any CPU
	EndGlobalSection
	GlobalSection(ProjectConfigurationPlatforms) = postSolution
		{C5F36C26-D9A8-4EF3-9CA0-8C634038E99A}.Debug|Any CPU.ActiveCfg = Debug|Any CPU
		{C5F36C26-D9A8-4EF3-9CA0-8C634038E99A}.Debug|Any CPU.Build.0 = Debug|Any CPU
		{C5F36C26-D9A8-4EF3-9CA0-8C634038E99A}.Release|Any CPU.ActiveCfg = Release|Any CPU
		{C5F36C26-D9A8-4EF3-9CA0-8C634038E99A}.Release|Any CPU.Build.0 = Release|Any CPU
	EndGlobalSection
	GlobalSection(SolutionProperties) = preSolution
		HideSolutionNode = FALSE
	EndGlobalSection
	GlobalSection(ExtensibilityGlobals) = postSolution
		SolutionGuid = {3914910F-5365-4F16-8E73-79E2DE7D88BD}
	EndGlobalSection
EndGlobal
