
Microsoft Visual Studio Solution File, Format Version 12.00
# Visual Studio Version 17
VisualStudioVersion = 17.0.31919.166
MinimumVisualStudioVersion = 10.0.40219.1
Project("{FAE04EC0-301F-11D3-BF4B-00C04F79EFBC}") = "HomeWork_2_3", "HomeWork_2_3\HomeWork_2_3.csproj", "{4FE3097D-2505-4AF7-818E-7772252A544E}"
EndProject
Global
	GlobalSection(SolutionConfigurationPlatforms) = preSolution
		Debug|Any CPU = Debug|Any CPU
		Release|Any CPU = Release|Any CPU
	EndGlobalSection
	GlobalSection(ProjectConfigurationPlatforms) = postSolution
		{4FE3097D-2505-4AF7-818E-7772252A544E}.Debug|Any CPU.ActiveCfg = Debug|Any CPU
		{4FE3097D-2505-4AF7-818E-7772252A544E}.Debug|Any CPU.Build.0 = Debug|Any CPU
		{4FE3097D-2505-4AF7-818E-7772252A544E}.Release|Any CPU.ActiveCfg = Release|Any CPU
		{4FE3097D-2505-4AF7-818E-7772252A544E}.Release|Any CPU.Build.0 = Release|Any CPU
	EndGlobalSection
	GlobalSection(SolutionProperties) = preSolution
		HideSolutionNode = FALSE
	EndGlobalSection
	GlobalSection(ExtensibilityGlobals) = postSolution
		SolutionGuid = {4258AEDE-296B-449E-ABB8-A063F0A95931}
	EndGlobalSection
EndGlobal
